
Microsoft Visual Studio Solution File, Format Version 12.00
# Visual Studio 15
VisualStudioVersion = 15.0.27703.2035
MinimumVisualStudioVersion = 10.0.40219.1
Project("{FAE04EC0-301F-11D3-BF4B-00C04F79EFBC}") = "VueJS", "VueJS\VueJS.csproj", "{75C0CF99-47DA-4938-9F01-75224B407C90}"
EndProject
Global
	GlobalSection(SolutionConfigurationPlatforms) = preSolution
		Debug|Any CPU = Debug|Any CPU
		Release|Any CPU = Release|Any CPU
	EndGlobalSection
	GlobalSection(ProjectConfigurationPlatforms) = postSolution
		{75C0CF99-47DA-4938-9F01-75224B407C90}.Debug|Any CPU.ActiveCfg = Debug|Any CPU
		{75C0CF99-47DA-4938-9F01-75224B407C90}.Debug|Any CPU.Build.0 = Debug|Any CPU
		{75C0CF99-47DA-4938-9F01-75224B407C90}.Release|Any CPU.ActiveCfg = Release|Any CPU
		{75C0CF99-47DA-4938-9F01-75224B407C90}.Release|Any CPU.Build.0 = Release|Any CPU
	EndGlobalSection
	GlobalSection(SolutionProperties) = preSolution
		HideSolutionNode = FALSE
	EndGlobalSection
	GlobalSection(ExtensibilityGlobals) = postSolution
		SolutionGuid = {08BC7C08-98DF-48C4-AD04-A30E3302F84C}
	EndGlobalSection
EndGlobal
